
Microsoft Visual Studio Solution File, Format Version 12.00
# Visual Studio Version 16
VisualStudioVersion = 16.0.31005.135
MinimumVisualStudioVersion = 10.0.40219.1
Project("{FAE04EC0-301F-11D3-BF4B-00C04F79EFBC}") = "Game Git Demo", "Game Git Demo.csproj", "{7F783269-C221-4927-82EA-BFAE007D733D}"
EndProject
Global
	GlobalSection(SolutionConfigurationPlatforms) = preSolution
		Debug|Any CPU = Debug|Any CPU
		Release|Any CPU = Release|Any CPU
	EndGlobalSection
	GlobalSection(ProjectConfigurationPlatforms) = postSolution
		{7F783269-C221-4927-82EA-BFAE007D733D}.Debug|Any CPU.ActiveCfg = Debug|Any CPU
		{7F783269-C221-4927-82EA-BFAE007D733D}.Debug|Any CPU.Build.0 = Debug|Any CPU
		{7F783269-C221-4927-82EA-BFAE007D733D}.Release|Any CPU.ActiveCfg = Release|Any CPU
		{7F783269-C221-4927-82EA-BFAE007D733D}.Release|Any CPU.Build.0 = Release|Any CPU
	EndGlobalSection
	GlobalSection(SolutionProperties) = preSolution
		HideSolutionNode = FALSE
	EndGlobalSection
	GlobalSection(ExtensibilityGlobals) = postSolution
		SolutionGuid = {20EA876B-4177-45AD-9D7C-AE70BA8B9009}
	EndGlobalSection
EndGlobal
